
Microsoft Visual Studio Solution File, Format Version 12.00
# Visual Studio Version 17
VisualStudioVersion = 17.0.32014.148
MinimumVisualStudioVersion = 10.0.40219.1
Project("{8BC9CEB8-8B4A-11D0-8D11-00A0C91BC942}") = "Homework20220112", "Homework20220112\Homework20220112.vcxproj", "{1DAA134E-22AC-4982-8EC7-1B8C6688C69F}"
EndProject
Project("{8BC9CEB8-8B4A-11D0-8D11-00A0C91BC942}") = "Homework20220113", "Homework20220113\Homework20220113.vcxproj", "{3FACC79C-64D8-4160-8C8C-E5A729CCA75D}"
EndProject
Project("{8BC9CEB8-8B4A-11D0-8D11-00A0C91BC942}") = "Homework20220114_ToUpper", "Homework20220114_ToUpper\Homework20220114_ToUpper.vcxproj", "{81E6AD01-75B9-4334-88CF-6CF3075B82F4}"
EndProject
Project("{8BC9CEB8-8B4A-11D0-8D11-00A0C91BC942}") = "Homework20220114_ToInt", "Homework20220114_ToInt\Homework20220114_ToInt.vcxproj", "{9715B096-2784-47C7-82A8-A589BE6942C1}"
EndProject
Project("{8BC9CEB8-8B4A-11D0-8D11-00A0C91BC942}") = "Copy", "Copy\Copy.vcxproj", "{C4D60AEF-C028-4653-AF20-C26B3A8CA0D9}"
EndProject
Project("{8BC9CEB8-8B4A-11D0-8D11-00A0C91BC942}") = "Homework20220114_CharChange", "Homework20220114_CharChange\Homework20220114_CharChange.vcxproj", "{43DB8607-211F-4E58-AB80-4D62265D00BC}"
EndProject
Project("{8BC9CEB8-8B4A-11D0-8D11-00A0C91BC942}") = "Homework20220114_Cut", "Homework20220114_Cut\Homework20220114_Cut.vcxproj", "{53D9E780-1B56-4981-99A8-9D4B0719B6F7}"
EndProject
Project("{8BC9CEB8-8B4A-11D0-8D11-00A0C91BC942}") = "Homework20220114_Reverse", "Homework20220114_Reverse\Homework20220114_Reverse.vcxproj", "{254A3390-8001-461D-8F5D-D798CC554B6B}"
EndProject
Project("{8BC9CEB8-8B4A-11D0-8D11-00A0C91BC942}") = "Homework20220114_TextChange", "Homework20220114_TextChange\Homework20220114_TextChange.vcxproj", "{6DD8DC9D-0C8D-4339-A27F-588D9EC7E342}"
EndProject
Project("{8BC9CEB8-8B4A-11D0-8D11-00A0C91BC942}") = "Homework20220117", "Homework20220117\Homework20220117.vcxproj", "{108D4912-B845-471C-8C20-2E9CDC496E50}"
EndProject
Project("{8BC9CEB8-8B4A-11D0-8D11-00A0C91BC942}") = "Test", "Test\Test.vcxproj", "{57E4CC35-239C-44DA-9259-DC00709B86D7}"
EndProject
Project("{8BC9CEB8-8B4A-11D0-8D11-00A0C91BC942}") = "Homework20220127", "Homework20220127\Homework20220127.vcxproj", "{10347D14-D1FA-4B3B-AFEF-3B1EC860D553}"
EndProject
Project("{8BC9CEB8-8B4A-11D0-8D11-00A0C91BC942}") = "Homework20220207", "Homework20220207\Homework20220207.vcxproj", "{929A4566-268F-41F4-B9FF-5D268BCD9FE8}"
EndProject
Project("{8BC9CEB8-8B4A-11D0-8D11-00A0C91BC942}") = "Homework20220210", "Homework20220210\Homework20220210.vcxproj", "{F5EE63D5-88C2-4DA6-86EA-80E64FF170FF}"
EndProject
Project("{8BC9CEB8-8B4A-11D0-8D11-00A0C91BC942}") = "Homework20220209", "Homework20220209\Homework20220209.vcxproj", "{89A593B3-7CCA-4CA1-84A2-0121C6BFA1BD}"
EndProject
Project("{8BC9CEB8-8B4A-11D0-8D11-00A0C91BC942}") = "Snake", "Homework20220222\Snake.vcxproj", "{050BA1F7-93E2-48D6-AD59-09EC8EF82049}"
EndProject
Project("{8BC9CEB8-8B4A-11D0-8D11-00A0C91BC942}") = "GameMap", "Homework20220225\GameMap.vcxproj", "{4804E0E6-36D2-4132-9701-862056D73517}"
EndProject
Global
	GlobalSection(SolutionConfigurationPlatforms) = preSolution
		Debug|x64 = Debug|x64
		Debug|x86 = Debug|x86
		Release|x64 = Release|x64
		Release|x86 = Release|x86
	EndGlobalSection
	GlobalSection(ProjectConfigurationPlatforms) = postSolution
		{1DAA134E-22AC-4982-8EC7-1B8C6688C69F}.Debug|x64.ActiveCfg = Debug|x64
		{1DAA134E-22AC-4982-8EC7-1B8C6688C69F}.Debug|x64.Build.0 = Debug|x64
		{1DAA134E-22AC-4982-8EC7-1B8C6688C69F}.Debug|x86.ActiveCfg = Debug|Win32
		{1DAA134E-22AC-4982-8EC7-1B8C6688C69F}.Debug|x86.Build.0 = Debug|Win32
		{1DAA134E-22AC-4982-8EC7-1B8C6688C69F}.Release|x64.ActiveCfg = Release|x64
		{1DAA134E-22AC-4982-8EC7-1B8C6688C69F}.Release|x64.Build.0 = Release|x64
		{1DAA134E-22AC-4982-8EC7-1B8C6688C69F}.Release|x86.ActiveCfg = Release|Win32
		{1DAA134E-22AC-4982-8EC7-1B8C6688C69F}.Release|x86.Build.0 = Release|Win32
		{3FACC79C-64D8-4160-8C8C-E5A729CCA75D}.Debug|x64.ActiveCfg = Debug|x64
		{3FACC79C-64D8-4160-8C8C-E5A729CCA75D}.Debug|x64.Build.0 = Debug|x64
		{3FACC79C-64D8-4160-8C8C-E5A729CCA75D}.Debug|x86.ActiveCfg = Debug|Win32
		{3FACC79C-64D8-4160-8C8C-E5A729CCA75D}.Debug|x86.Build.0 = Debug|Win32
		{3FACC79C-64D8-4160-8C8C-E5A729CCA75D}.Release|x64.ActiveCfg = Release|x64
		{3FACC79C-64D8-4160-8C8C-E5A729CCA75D}.Release|x64.Build.0 = Release|x64
		{3FACC79C-64D8-4160-8C8C-E5A729CCA75D}.Release|x86.ActiveCfg = Release|Win32
		{3FACC79C-64D8-4160-8C8C-E5A729CCA75D}.Release|x86.Build.0 = Release|Win32
		{81E6AD01-75B9-4334-88CF-6CF3075B82F4}.Debug|x64.ActiveCfg = Debug|x64
		{81E6AD01-75B9-4334-88CF-6CF3075B82F4}.Debug|x64.Build.0 = Debug|x64
		{81E6AD01-75B9-4334-88CF-6CF3075B82F4}.Debug|x86.ActiveCfg = Debug|Win32
		{81E6AD01-75B9-4334-88CF-6CF3075B82F4}.Debug|x86.Build.0 = Debug|Win32
		{81E6AD01-75B9-4334-88CF-6CF3075B82F4}.Release|x64.ActiveCfg = Release|x64
		{81E6AD01-75B9-4334-88CF-6CF3075B82F4}.Release|x64.Build.0 = Release|x64
		{81E6AD01-75B9-4334-88CF-6CF3075B82F4}.Release|x86.ActiveCfg = Release|Win32
		{81E6AD01-75B9-4334-88CF-6CF3075B82F4}.Release|x86.Build.0 = Release|Win32
		{9715B096-2784-47C7-82A8-A589BE6942C1}.Debug|x64.ActiveCfg = Debug|x64
		{9715B096-2784-47C7-82A8-A589BE6942C1}.Debug|x64.Build.0 = Debug|x64
		{9715B096-2784-47C7-82A8-A589BE6942C1}.Debug|x86.ActiveCfg = Debug|Win32
		{9715B096-2784-47C7-82A8-A589BE6942C1}.Debug|x86.Build.0 = Debug|Win32
		{9715B096-2784-47C7-82A8-A589BE6942C1}.Release|x64.ActiveCfg = Release|x64
		{9715B096-2784-47C7-82A8-A589BE6942C1}.Release|x64.Build.0 = Release|x64
		{9715B096-2784-47C7-82A8-A589BE6942C1}.Release|x86.ActiveCfg = Release|Win32
		{9715B096-2784-47C7-82A8-A589BE6942C1}.Release|x86.Build.0 = Release|Win32
		{C4D60AEF-C028-4653-AF20-C26B3A8CA0D9}.Debug|x64.ActiveCfg = Debug|x64
		{C4D60AEF-C028-4653-AF20-C26B3A8CA0D9}.Debug|x64.Build.0 = Debug|x64
		{C4D60AEF-C028-4653-AF20-C26B3A8CA0D9}.Debug|x86.ActiveCfg = Debug|Win32
		{C4D60AEF-C028-4653-AF20-C26B3A8CA0D9}.Debug|x86.Build.0 = Debug|Win32
		{C4D60AEF-C028-4653-AF20-C26B3A8CA0D9}.Release|x64.ActiveCfg = Release|x64
		{C4D60AEF-C028-4653-AF20-C26B3A8CA0D9}.Release|x64.Build.0 = Release|x64
		{C4D60AEF-C028-4653-AF20-C26B3A8CA0D9}.Release|x86.ActiveCfg = Release|Win32
		{C4D60AEF-C028-4653-AF20-C26B3A8CA0D9}.Release|x86.Build.0 = Release|Win32
		{43DB8607-211F-4E58-AB80-4D62265D00BC}.Debug|x64.ActiveCfg = Debug|x64
		{43DB8607-211F-4E58-AB80-4D62265D00BC}.Debug|x64.Build.0 = Debug|x64
		{43DB8607-211F-4E58-AB80-4D62265D00BC}.Debug|x86.ActiveCfg = Debug|Win32
		{43DB8607-211F-4E58-AB80-4D62265D00BC}.Debug|x86.Build.0 = Debug|Win32
		{43DB8607-211F-4E58-AB80-4D62265D00BC}.Release|x64.ActiveCfg = Release|x64
		{43DB8607-211F-4E58-AB80-4D62265D00BC}.Release|x64.Build.0 = Release|x64
		{43DB8607-211F-4E58-AB80-4D62265D00BC}.Release|x86.ActiveCfg = Release|Win32
		{43DB8607-211F-4E58-AB80-4D62265D00BC}.Release|x86.Build.0 = Release|Win32
		{53D9E780-1B56-4981-99A8-9D4B0719B6F7}.Debug|x64.ActiveCfg = Debug|x64
		{53D9E780-1B56-4981-99A8-9D4B0719B6F7}.Debug|x64.Build.0 = Debug|x64
		{53D9E780-1B56-4981-99A8-9D4B0719B6F7}.Debug|x86.ActiveCfg = Debug|Win32
		{53D9E780-1B56-4981-99A8-9D4B0719B6F7}.Debug|x86.Build.0 = Debug|Win32
		{53D9E780-1B56-4981-99A8-9D4B0719B6F7}.Release|x64.ActiveCfg = Release|x64
		{53D9E780-1B56-4981-99A8-9D4B0719B6F7}.Release|x64.Build.0 = Release|x64
		{53D9E780-1B56-4981-99A8-9D4B0719B6F7}.Release|x86.ActiveCfg = Release|Win32
		{53D9E780-1B56-4981-99A8-9D4B0719B6F7}.Release|x86.Build.0 = Release|Win32
		{254A3390-8001-461D-8F5D-D798CC554B6B}.Debug|x64.ActiveCfg = Debug|x64
		{254A3390-8001-461D-8F5D-D798CC554B6B}.Debug|x64.Build.0 = Debug|x64
		{254A3390-8001-461D-8F5D-D798CC554B6B}.Debug|x86.ActiveCfg = Debug|Win32
		{254A3390-8001-461D-8F5D-D798CC554B6B}.Debug|x86.Build.0 = Debug|Win32
		{254A3390-8001-461D-8F5D-D798CC554B6B}.Release|x64.ActiveCfg = Release|x64
		{254A3390-8001-461D-8F5D-D798CC554B6B}.Release|x64.Build.0 = Release|x64
		{254A3390-8001-461D-8F5D-D798CC554B6B}.Release|x86.ActiveCfg = Release|Win32
		{254A3390-8001-461D-8F5D-D798CC554B6B}.Release|x86.Build.0 = Release|Win32
		{6DD8DC9D-0C8D-4339-A27F-588D9EC7E342}.Debug|x64.ActiveCfg = Debug|x64
		{6DD8DC9D-0C8D-4339-A27F-588D9EC7E342}.Debug|x64.Build.0 = Debug|x64
		{6DD8DC9D-0C8D-4339-A27F-588D9EC7E342}.Debug|x86.ActiveCfg = Debug|Win32
		{6DD8DC9D-0C8D-4339-A27F-588D9EC7E342}.Debug|x86.Build.0 = Debug|Win32
		{6DD8DC9D-0C8D-4339-A27F-588D9EC7E342}.Release|x64.ActiveCfg = Release|x64
		{6DD8DC9D-0C8D-4339-A27F-588D9EC7E342}.Release|x64.Build.0 = Release|x64
		{6DD8DC9D-0C8D-4339-A27F-588D9EC7E342}.Release|x86.ActiveCfg = Release|Win32
		{6DD8DC9D-0C8D-4339-A27F-588D9EC7E342}.Release|x86.Build.0 = Release|Win32
		{108D4912-B845-471C-8C20-2E9CDC496E50}.Debug|x64.ActiveCfg = Debug|x64
		{108D4912-B845-471C-8C20-2E9CDC496E50}.Debug|x64.Build.0 = Debug|x64
		{108D4912-B845-471C-8C20-2E9CDC496E50}.Debug|x86.ActiveCfg = Debug|Win32
		{108D4912-B845-471C-8C20-2E9CDC496E50}.Debug|x86.Build.0 = Debug|Win32
		{108D4912-B845-471C-8C20-2E9CDC496E50}.Release|x64.ActiveCfg = Release|x64
		{108D4912-B845-471C-8C20-2E9CDC496E50}.Release|x64.Build.0 = Release|x64
		{108D4912-B845-471C-8C20-2E9CDC496E50}.Release|x86.ActiveCfg = Release|Win32
		{108D4912-B845-471C-8C20-2E9CDC496E50}.Release|x86.Build.0 = Release|Win32
		{57E4CC35-239C-44DA-9259-DC00709B86D7}.Debug|x64.ActiveCfg = Debug|x64
		{57E4CC35-239C-44DA-9259-DC00709B86D7}.Debug|x64.Build.0 = Debug|x64
		{57E4CC35-239C-44DA-9259-DC00709B86D7}.Debug|x86.ActiveCfg = Debug|Win32
		{57E4CC35-239C-44DA-9259-DC00709B86D7}.Debug|x86.Build.0 = Debug|Win32
		{57E4CC35-239C-44DA-9259-DC00709B86D7}.Release|x64.ActiveCfg = Release|x64
		{57E4CC35-239C-44DA-9259-DC00709B86D7}.Release|x64.Build.0 = Release|x64
		{57E4CC35-239C-44DA-9259-DC00709B86D7}.Release|x86.ActiveCfg = Release|Win32
		{57E4CC35-239C-44DA-9259-DC00709B86D7}.Release|x86.Build.0 = Release|Win32
		{10347D14-D1FA-4B3B-AFEF-3B1EC860D553}.Debug|x64.ActiveCfg = Debug|x64
		{10347D14-D1FA-4B3B-AFEF-3B1EC860D553}.Debug|x64.Build.0 = Debug|x64
		{10347D14-D1FA-4B3B-AFEF-3B1EC860D553}.Debug|x86.ActiveCfg = Debug|Win32
		{10347D14-D1FA-4B3B-AFEF-3B1EC860D553}.Debug|x86.Build.0 = Debug|Win32
		{10347D14-D1FA-4B3B-AFEF-3B1EC860D553}.Release|x64.ActiveCfg = Release|x64
		{10347D14-D1FA-4B3B-AFEF-3B1EC860D553}.Release|x64.Build.0 = Release|x64
		{10347D14-D1FA-4B3B-AFEF-3B1EC860D553}.Release|x86.ActiveCfg = Release|Win32
		{10347D14-D1FA-4B3B-AFEF-3B1EC860D553}.Release|x86.Build.0 = Release|Win32
		{929A4566-268F-41F4-B9FF-5D268BCD9FE8}.Debug|x64.ActiveCfg = Debug|x64
		{929A4566-268F-41F4-B9FF-5D268BCD9FE8}.Debug|x64.Build.0 = Debug|x64
		{929A4566-268F-41F4-B9FF-5D268BCD9FE8}.Debug|x86.ActiveCfg = Debug|Win32
		{929A4566-268F-41F4-B9FF-5D268BCD9FE8}.Debug|x86.Build.0 = Debug|Win32
		{929A4566-268F-41F4-B9FF-5D268BCD9FE8}.Release|x64.ActiveCfg = Release|x64
		{929A4566-268F-41F4-B9FF-5D268BCD9FE8}.Release|x64.Build.0 = Release|x64
		{929A4566-268F-41F4-B9FF-5D268BCD9FE8}.Release|x86.ActiveCfg = Release|Win32
		{929A4566-268F-41F4-B9FF-5D268BCD9FE8}.Release|x86.Build.0 = Release|Win32
		{F5EE63D5-88C2-4DA6-86EA-80E64FF170FF}.Debug|x64.ActiveCfg = Debug|x64
		{F5EE63D5-88C2-4DA6-86EA-80E64FF170FF}.Debug|x64.Build.0 = Debug|x64
		{F5EE63D5-88C2-4DA6-86EA-80E64FF170FF}.Debug|x86.ActiveCfg = Debug|Win32
		{F5EE63D5-88C2-4DA6-86EA-80E64FF170FF}.Debug|x86.Build.0 = Debug|Win32
		{F5EE63D5-88C2-4DA6-86EA-80E64FF170FF}.Release|x64.ActiveCfg = Release|x64
		{F5EE63D5-88C2-4DA6-86EA-80E64FF170FF}.Release|x64.Build.0 = Release|x64
		{F5EE63D5-88C2-4DA6-86EA-80E64FF170FF}.Release|x86.ActiveCfg = Release|Win32
		{F5EE63D5-88C2-4DA6-86EA-80E64FF170FF}.Release|x86.Build.0 = Release|Win32
		{89A593B3-7CCA-4CA1-84A2-0121C6BFA1BD}.Debug|x64.ActiveCfg = Debug|x64
		{89A593B3-7CCA-4CA1-84A2-0121C6BFA1BD}.Debug|x64.Build.0 = Debug|x64
		{89A593B3-7CCA-4CA1-84A2-0121C6BFA1BD}.Debug|x86.ActiveCfg = Debug|Win32
		{89A593B3-7CCA-4CA1-84A2-0121C6BFA1BD}.Debug|x86.Build.0 = Debug|Win32
		{89A593B3-7CCA-4CA1-84A2-0121C6BFA1BD}.Release|x64.ActiveCfg = Release|x64
		{89A593B3-7CCA-4CA1-84A2-0121C6BFA1BD}.Release|x64.Build.0 = Release|x64
		{89A593B3-7CCA-4CA1-84A2-0121C6BFA1BD}.Release|x86.ActiveCfg = Release|Win32
		{89A593B3-7CCA-4CA1-84A2-0121C6BFA1BD}.Release|x86.Build.0 = Release|Win32
		{050BA1F7-93E2-48D6-AD59-09EC8EF82049}.Debug|x64.ActiveCfg = Debug|x64
		{050BA1F7-93E2-48D6-AD59-09EC8EF82049}.Debug|x64.Build.0 = Debug|x64
		{050BA1F7-93E2-48D6-AD59-09EC8EF82049}.Debug|x86.ActiveCfg = Debug|Win32
		{050BA1F7-93E2-48D6-AD59-09EC8EF82049}.Debug|x86.Build.0 = Debug|Win32
		{050BA1F7-93E2-48D6-AD59-09EC8EF82049}.Release|x64.ActiveCfg = Release|x64
		{050BA1F7-93E2-48D6-AD59-09EC8EF82049}.Release|x64.Build.0 = Release|x64
		{050BA1F7-93E2-48D6-AD59-09EC8EF82049}.Release|x86.ActiveCfg = Release|Win32
		{050BA1F7-93E2-48D6-AD59-09EC8EF82049}.Release|x86.Build.0 = Release|Win32
		{4804E0E6-36D2-4132-9701-862056D73517}.Debug|x64.ActiveCfg = Debug|x64
		{4804E0E6-36D2-4132-9701-862056D73517}.Debug|x64.Build.0 = Debug|x64
		{4804E0E6-36D2-4132-9701-862056D73517}.Debug|x86.ActiveCfg = Debug|Win32
		{4804E0E6-36D2-4132-9701-862056D73517}.Debug|x86.Build.0 = Debug|Win32
		{4804E0E6-36D2-4132-9701-862056D73517}.Release|x64.ActiveCfg = Release|x64
		{4804E0E6-36D2-4132-9701-862056D73517}.Release|x64.Build.0 = Release|x64
		{4804E0E6-36D2-4132-9701-862056D73517}.Release|x86.ActiveCfg = Release|Win32
		{4804E0E6-36D2-4132-9701-862056D73517}.Release|x86.Build.0 = Release|Win32
	EndGlobalSection
	GlobalSection(SolutionProperties) = preSolution
		HideSolutionNode = FALSE
	EndGlobalSection
	GlobalSection(ExtensibilityGlobals) = postSolution
		SolutionGuid = {4B8A1E17-CE49-4515-8535-2B2BDAEB5420}
	EndGlobalSection
EndGlobal
